// !$*UTF8*$!
{
	archiveVersion = 1;
	classes = {
	};
	objectVersion = 55;
	objects = {

/* Begin PBXBuildFile section */
		D50BDFFF27D28545006FCFF4 /* AppDelegate.swift in Sources */ = {isa = PBXBuildFile; fileRef = D50BDFFE27D28545006FCFF4 /* AppDelegate.swift */; };
		D50BE00127D28545006FCFF4 /* SceneDelegate.swift in Sources */ = {isa = PBXBuildFile; fileRef = D50BE00027D28545006FCFF4 /* SceneDelegate.swift */; };
		D50BE00927D28545006FCFF4 /* CoreDataTask.xcdatamodeld in Sources */ = {isa = PBXBuildFile; fileRef = D50BE00727D28545006FCFF4 /* CoreDataTask.xcdatamodeld */; };
		D50BE00B27D2854A006FCFF4 /* Assets.xcassets in Resources */ = {isa = PBXBuildFile; fileRef = D50BE00A27D2854A006FCFF4 /* Assets.xcassets */; };
		D50BE00E27D2854A006FCFF4 /* LaunchScreen.storyboard in Resources */ = {isa = PBXBuildFile; fileRef = D50BE00C27D2854A006FCFF4 /* LaunchScreen.storyboard */; };
		D50BE01927D2854B006FCFF4 /* CoreDataTaskTests.swift in Sources */ = {isa = PBXBuildFile; fileRef = D50BE01827D2854B006FCFF4 /* CoreDataTaskTests.swift */; };
		D50BE02327D2854B006FCFF4 /* CoreDataTaskUITests.swift in Sources */ = {isa = PBXBuildFile; fileRef = D50BE02227D2854B006FCFF4 /* CoreDataTaskUITests.swift */; };
		D50BE02527D2854B006FCFF4 /* CoreDataTaskUITestsLaunchTests.swift in Sources */ = {isa = PBXBuildFile; fileRef = D50BE02427D2854B006FCFF4 /* CoreDataTaskUITestsLaunchTests.swift */; };
		D50BE03D27D2890B006FCFF4 /* Employee+CoreDataClass.swift in Sources */ = {isa = PBXBuildFile; fileRef = D50BE03927D2890B006FCFF4 /* Employee+CoreDataClass.swift */; };
		D50BE03E27D2890B006FCFF4 /* Employee+CoreDataProperties.swift in Sources */ = {isa = PBXBuildFile; fileRef = D50BE03A27D2890B006FCFF4 /* Employee+CoreDataProperties.swift */; };
		D50BE03F27D2890B006FCFF4 /* Department+CoreDataClass.swift in Sources */ = {isa = PBXBuildFile; fileRef = D50BE03B27D2890B006FCFF4 /* Department+CoreDataClass.swift */; };
		D50BE04027D2890B006FCFF4 /* Department+CoreDataProperties.swift in Sources */ = {isa = PBXBuildFile; fileRef = D50BE03C27D2890B006FCFF4 /* Department+CoreDataProperties.swift */; };
		D50BE04427D28992006FCFF4 /* Constant.swift in Sources */ = {isa = PBXBuildFile; fileRef = D50BE04327D28992006FCFF4 /* Constant.swift */; };
		D50BE04727D289D1006FCFF4 /* Storyboard+Extension.swift in Sources */ = {isa = PBXBuildFile; fileRef = D50BE04627D289D1006FCFF4 /* Storyboard+Extension.swift */; };
		D50BE04927D289EF006FCFF4 /* Alert+Extension.swift in Sources */ = {isa = PBXBuildFile; fileRef = D50BE04827D289EF006FCFF4 /* Alert+Extension.swift */; };
		D50BE04D27D28A68006FCFF4 /* Databasehelper.swift in Sources */ = {isa = PBXBuildFile; fileRef = D50BE04C27D28A68006FCFF4 /* Databasehelper.swift */; };
		D50BE05427D28B47006FCFF4 /* EmployeeCell.swift in Sources */ = {isa = PBXBuildFile; fileRef = D50BE05327D28B47006FCFF4 /* EmployeeCell.swift */; };
		D50BE05627D28B5A006FCFF4 /* DepartmentCell.swift in Sources */ = {isa = PBXBuildFile; fileRef = D50BE05527D28B5A006FCFF4 /* DepartmentCell.swift */; };
		D50BE05827D28B9F006FCFF4 /* DepartmentListViewController.swift in Sources */ = {isa = PBXBuildFile; fileRef = D50BE05727D28B9F006FCFF4 /* DepartmentListViewController.swift */; };
		D50BE05A27D28BBF006FCFF4 /* DepartmentFormViewController.swift in Sources */ = {isa = PBXBuildFile; fileRef = D50BE05927D28BBF006FCFF4 /* DepartmentFormViewController.swift */; };
		D50BE05C27D28BF2006FCFF4 /* DepartmentDetailViewController.swift in Sources */ = {isa = PBXBuildFile; fileRef = D50BE05B27D28BF2006FCFF4 /* DepartmentDetailViewController.swift */; };
		D50BE05E27D28C1E006FCFF4 /* EmployeeListViewController.swift in Sources */ = {isa = PBXBuildFile; fileRef = D50BE05D27D28C1E006FCFF4 /* EmployeeListViewController.swift */; };
		D50BE06027D28C38006FCFF4 /* EmployeeFormViewController.swift in Sources */ = {isa = PBXBuildFile; fileRef = D50BE05F27D28C38006FCFF4 /* EmployeeFormViewController.swift */; };
		D50BE06B27D293C1006FCFF4 /* Employee.storyboard in Resources */ = {isa = PBXBuildFile; fileRef = D50BE06827D293C1006FCFF4 /* Employee.storyboard */; };
		D50BE06D27D293C1006FCFF4 /* Department.storyboard in Resources */ = {isa = PBXBuildFile; fileRef = D50BE06A27D293C1006FCFF4 /* Department.storyboard */; };
		D50BE07027D3102C006FCFF4 /* EmployeeModel.swift in Sources */ = {isa = PBXBuildFile; fileRef = D50BE06F27D3102C006FCFF4 /* EmployeeModel.swift */; };
		D50BE07227D3105B006FCFF4 /* DepartmentModel.swift in Sources */ = {isa = PBXBuildFile; fileRef = D50BE07127D3105B006FCFF4 /* DepartmentModel.swift */; };
/* End PBXBuildFile section */

/* Begin PBXContainerItemProxy section */
		D50BE01527D2854B006FCFF4 /* PBXContainerItemProxy */ = {
			isa = PBXContainerItemProxy;
			containerPortal = D50BDFF327D28545006FCFF4 /* Project object */;
			proxyType = 1;
			remoteGlobalIDString = D50BDFFA27D28545006FCFF4;
			remoteInfo = CoreDataTask;
		};
		D50BE01F27D2854B006FCFF4 /* PBXContainerItemProxy */ = {
			isa = PBXContainerItemProxy;
			containerPortal = D50BDFF327D28545006FCFF4 /* Project object */;
			proxyType = 1;
			remoteGlobalIDString = D50BDFFA27D28545006FCFF4;
			remoteInfo = CoreDataTask;
		};
/* End PBXContainerItemProxy section */

/* Begin PBXFileReference section */
		D50BDFFB27D28545006FCFF4 /* CoreDataTask.app */ = {isa = PBXFileReference; explicitFileType = wrapper.application; includeInIndex = 0; path = CoreDataTask.app; sourceTree = BUILT_PRODUCTS_DIR; };
		D50BDFFE27D28545006FCFF4 /* AppDelegate.swift */ = {isa = PBXFileReference; lastKnownFileType = sourcecode.swift; path = AppDelegate.swift; sourceTree = "<group>"; };
		D50BE00027D28545006FCFF4 /* SceneDelegate.swift */ = {isa = PBXFileReference; lastKnownFileType = sourcecode.swift; path = SceneDelegate.swift; sourceTree = "<group>"; };
		D50BE00827D28545006FCFF4 /* CoreDataTask.xcdatamodel */ = {isa = PBXFileReference; lastKnownFileType = wrapper.xcdatamodel; path = CoreDataTask.xcdatamodel; sourceTree = "<group>"; };
		D50BE00A27D2854A006FCFF4 /* Assets.xcassets */ = {isa = PBXFileReference; lastKnownFileType = folder.assetcatalog; path = Assets.xcassets; sourceTree = "<group>"; };
		D50BE00D27D2854A006FCFF4 /* Base */ = {isa = PBXFileReference; lastKnownFileType = file.storyboard; name = Base; path = Base.lproj/LaunchScreen.storyboard; sourceTree = "<group>"; };
		D50BE00F27D2854A006FCFF4 /* Info.plist */ = {isa = PBXFileReference; lastKnownFileType = text.plist.xml; path = Info.plist; sourceTree = "<group>"; };
		D50BE01427D2854B006FCFF4 /* CoreDataTaskTests.xctest */ = {isa = PBXFileReference; explicitFileType = wrapper.cfbundle; includeInIndex = 0; path = CoreDataTaskTests.xctest; sourceTree = BUILT_PRODUCTS_DIR; };
		D50BE01827D2854B006FCFF4 /* CoreDataTaskTests.swift */ = {isa = PBXFileReference; lastKnownFileType = sourcecode.swift; path = CoreDataTaskTests.swift; sourceTree = "<group>"; };
		D50BE01E27D2854B006FCFF4 /* CoreDataTaskUITests.xctest */ = {isa = PBXFileReference; explicitFileType = wrapper.cfbundle; includeInIndex = 0; path = CoreDataTaskUITests.xctest; sourceTree = BUILT_PRODUCTS_DIR; };
		D50BE02227D2854B006FCFF4 /* CoreDataTaskUITests.swift */ = {isa = PBXFileReference; lastKnownFileType = sourcecode.swift; path = CoreDataTaskUITests.swift; sourceTree = "<group>"; };
		D50BE02427D2854B006FCFF4 /* CoreDataTaskUITestsLaunchTests.swift */ = {isa = PBXFileReference; lastKnownFileType = sourcecode.swift; path = CoreDataTaskUITestsLaunchTests.swift; sourceTree = "<group>"; };
		D50BE03927D2890B006FCFF4 /* Employee+CoreDataClass.swift */ = {isa = PBXFileReference; lastKnownFileType = sourcecode.swift; path = "Employee+CoreDataClass.swift"; sourceTree = "<group>"; };
		D50BE03A27D2890B006FCFF4 /* Employee+CoreDataProperties.swift */ = {isa = PBXFileReference; lastKnownFileType = sourcecode.swift; path = "Employee+CoreDataProperties.swift"; sourceTree = "<group>"; };
		D50BE03B27D2890B006FCFF4 /* Department+CoreDataClass.swift */ = {isa = PBXFileReference; lastKnownFileType = sourcecode.swift; path = "Department+CoreDataClass.swift"; sourceTree = "<group>"; };
		D50BE03C27D2890B006FCFF4 /* Department+CoreDataProperties.swift */ = {isa = PBXFileReference; lastKnownFileType = sourcecode.swift; path = "Department+CoreDataProperties.swift"; sourceTree = "<group>"; };
		D50BE04327D28992006FCFF4 /* Constant.swift */ = {isa = PBXFileReference; lastKnownFileType = sourcecode.swift; path = Constant.swift; sourceTree = "<group>"; };
		D50BE04627D289D1006FCFF4 /* Storyboard+Extension.swift */ = {isa = PBXFileReference; lastKnownFileType = sourcecode.swift; path = "Storyboard+Extension.swift"; sourceTree = "<group>"; };
		D50BE04827D289EF006FCFF4 /* Alert+Extension.swift */ = {isa = PBXFileReference; lastKnownFileType = sourcecode.swift; path = "Alert+Extension.swift"; sourceTree = "<group>"; };
		D50BE04C27D28A68006FCFF4 /* Databasehelper.swift */ = {isa = PBXFileReference; lastKnownFileType = sourcecode.swift; path = Databasehelper.swift; sourceTree = "<group>"; };
		D50BE05327D28B47006FCFF4 /* EmployeeCell.swift */ = {isa = PBXFileReference; lastKnownFileType = sourcecode.swift; path = EmployeeCell.swift; sourceTree = "<group>"; };
		D50BE05527D28B5A006FCFF4 /* DepartmentCell.swift */ = {isa = PBXFileReference; lastKnownFileType = sourcecode.swift; path = DepartmentCell.swift; sourceTree = "<group>"; };
		D50BE05727D28B9F006FCFF4 /* DepartmentListViewController.swift */ = {isa = PBXFileReference; lastKnownFileType = sourcecode.swift; path = DepartmentListViewController.swift; sourceTree = "<group>"; };
		D50BE05927D28BBF006FCFF4 /* DepartmentFormViewController.swift */ = {isa = PBXFileReference; lastKnownFileType = sourcecode.swift; path = DepartmentFormViewController.swift; sourceTree = "<group>"; };
		D50BE05B27D28BF2006FCFF4 /* DepartmentDetailViewController.swift */ = {isa = PBXFileReference; lastKnownFileType = sourcecode.swift; path = DepartmentDetailViewController.swift; sourceTree = "<group>"; };
		D50BE05D27D28C1E006FCFF4 /* EmployeeListViewController.swift */ = {isa = PBXFileReference; lastKnownFileType = sourcecode.swift; path = EmployeeListViewController.swift; sourceTree = "<group>"; };
		D50BE05F27D28C38006FCFF4 /* EmployeeFormViewController.swift */ = {isa = PBXFileReference; lastKnownFileType = sourcecode.swift; path = EmployeeFormViewController.swift; sourceTree = "<group>"; };
		D50BE06827D293C1006FCFF4 /* Employee.storyboard */ = {isa = PBXFileReference; fileEncoding = 4; lastKnownFileType = file.storyboard; path = Employee.storyboard; sourceTree = "<group>"; };
		D50BE06A27D293C1006FCFF4 /* Department.storyboard */ = {isa = PBXFileReference; fileEncoding = 4; lastKnownFileType = file.storyboard; path = Department.storyboard; sourceTree = "<group>"; };
		D50BE06F27D3102C006FCFF4 /* EmployeeModel.swift */ = {isa = PBXFileReference; lastKnownFileType = sourcecode.swift; path = EmployeeModel.swift; sourceTree = "<group>"; };
		D50BE07127D3105B006FCFF4 /* DepartmentModel.swift */ = {isa = PBXFileReference; lastKnownFileType = sourcecode.swift; path = DepartmentModel.swift; sourceTree = "<group>"; };
/* End PBXFileReference section */

/* Begin PBXFrameworksBuildPhase section */
		D50BDFF827D28545006FCFF4 /* Frameworks */ = {
			isa = PBXFrameworksBuildPhase;
			buildActionMask = 2147483647;
			files = (
			);
			runOnlyForDeploymentPostprocessing = 0;
		};
		D50BE01127D2854B006FCFF4 /* Frameworks */ = {
			isa = PBXFrameworksBuildPhase;
			buildActionMask = 2147483647;
			files = (
			);
			runOnlyForDeploymentPostprocessing = 0;
		};
		D50BE01B27D2854B006FCFF4 /* Frameworks */ = {
			isa = PBXFrameworksBuildPhase;
			buildActionMask = 2147483647;
			files = (
			);
			runOnlyForDeploymentPostprocessing = 0;
		};
/* End PBXFrameworksBuildPhase section */

/* Begin PBXGroup section */
		D50BDFF227D28545006FCFF4 = {
			isa = PBXGroup;
			children = (
				D50BE07327D31C66006FCFF4 /* MVC */,
				D50BE06427D28CB3006FCFF4 /* SupportingFiles */,
				D50BE06327D28C7D006FCFF4 /* Storyboards */,
				D50BE04B27D28A4E006FCFF4 /* DatabaseManager */,
				D50BE04A27D28A15006FCFF4 /* Database_Class */,
				D50BE04527D289A2006FCFF4 /* Extension */,
				D50BE04227D28973006FCFF4 /* Constant */,
				D50BDFFD27D28545006FCFF4 /* CoreDataTask */,
				D50BE01727D2854B006FCFF4 /* CoreDataTaskTests */,
				D50BE02127D2854B006FCFF4 /* CoreDataTaskUITests */,
				D50BDFFC27D28545006FCFF4 /* Products */,
			);
			sourceTree = "<group>";
		};
		D50BDFFC27D28545006FCFF4 /* Products */ = {
			isa = PBXGroup;
			children = (
				D50BDFFB27D28545006FCFF4 /* CoreDataTask.app */,
				D50BE01427D2854B006FCFF4 /* CoreDataTaskTests.xctest */,
				D50BE01E27D2854B006FCFF4 /* CoreDataTaskUITests.xctest */,
			);
			name = Products;
			sourceTree = "<group>";
		};
		D50BDFFD27D28545006FCFF4 /* CoreDataTask */ = {
			isa = PBXGroup;
			children = (
				D50BE00F27D2854A006FCFF4 /* Info.plist */,
				D50BE00727D28545006FCFF4 /* CoreDataTask.xcdatamodeld */,
			);
			path = CoreDataTask;
			sourceTree = "<group>";
		};
		D50BE01727D2854B006FCFF4 /* CoreDataTaskTests */ = {
			isa = PBXGroup;
			children = (
				D50BE01827D2854B006FCFF4 /* CoreDataTaskTests.swift */,
			);
			path = CoreDataTaskTests;
			sourceTree = "<group>";
		};
		D50BE02127D2854B006FCFF4 /* CoreDataTaskUITests */ = {
			isa = PBXGroup;
			children = (
				D50BE02227D2854B006FCFF4 /* CoreDataTaskUITests.swift */,
				D50BE02427D2854B006FCFF4 /* CoreDataTaskUITestsLaunchTests.swift */,
			);
			path = CoreDataTaskUITests;
			sourceTree = "<group>";
		};
		D50BE04227D28973006FCFF4 /* Constant */ = {
			isa = PBXGroup;
			children = (
				D50BE04327D28992006FCFF4 /* Constant.swift */,
			);
			path = Constant;
			sourceTree = "<group>";
		};
		D50BE04527D289A2006FCFF4 /* Extension */ = {
			isa = PBXGroup;
			children = (
				D50BE04627D289D1006FCFF4 /* Storyboard+Extension.swift */,
				D50BE04827D289EF006FCFF4 /* Alert+Extension.swift */,
			);
			path = Extension;
			sourceTree = "<group>";
		};
		D50BE04A27D28A15006FCFF4 /* Database_Class */ = {
			isa = PBXGroup;
			children = (
				D50BE03927D2890B006FCFF4 /* Employee+CoreDataClass.swift */,
				D50BE03A27D2890B006FCFF4 /* Employee+CoreDataProperties.swift */,
				D50BE03B27D2890B006FCFF4 /* Department+CoreDataClass.swift */,
				D50BE03C27D2890B006FCFF4 /* Department+CoreDataProperties.swift */,
			);
			path = Database_Class;
			sourceTree = "<group>";
		};
		D50BE04B27D28A4E006FCFF4 /* DatabaseManager */ = {
			isa = PBXGroup;
			children = (
				D50BE04C27D28A68006FCFF4 /* Databasehelper.swift */,
			);
			path = DatabaseManager;
			sourceTree = "<group>";
		};
		D50BE04E27D28AAF006FCFF4 /* Controller */ = {
			isa = PBXGroup;
			children = (
				D50BE05027D28AD9006FCFF4 /* Employee */,
				D50BE04F27D28ACD006FCFF4 /* Department */,
			);
			path = Controller;
			sourceTree = "<group>";
		};
		D50BE04F27D28ACD006FCFF4 /* Department */ = {
			isa = PBXGroup;
			children = (
				D50BE05727D28B9F006FCFF4 /* DepartmentListViewController.swift */,
				D50BE05927D28BBF006FCFF4 /* DepartmentFormViewController.swift */,
				D50BE05B27D28BF2006FCFF4 /* DepartmentDetailViewController.swift */,
			);
			path = Department;
			sourceTree = "<group>";
		};
		D50BE05027D28AD9006FCFF4 /* Employee */ = {
			isa = PBXGroup;
			children = (
				D50BE05D27D28C1E006FCFF4 /* EmployeeListViewController.swift */,
				D50BE05F27D28C38006FCFF4 /* EmployeeFormViewController.swift */,
			);
			path = Employee;
			sourceTree = "<group>";
		};
		D50BE05227D28AFE006FCFF4 /* Cell */ = {
			isa = PBXGroup;
			children = (
				D50BE05327D28B47006FCFF4 /* EmployeeCell.swift */,
				D50BE05527D28B5A006FCFF4 /* DepartmentCell.swift */,
			);
			path = Cell;
			sourceTree = "<group>";
		};
		D50BE06327D28C7D006FCFF4 /* Storyboards */ = {
			isa = PBXGroup;
			children = (
				D50BE00C27D2854A006FCFF4 /* LaunchScreen.storyboard */,
				D50BE06A27D293C1006FCFF4 /* Department.storyboard */,
				D50BE06827D293C1006FCFF4 /* Employee.storyboard */,
			);
			path = Storyboards;
			sourceTree = "<group>";
		};
		D50BE06427D28CB3006FCFF4 /* SupportingFiles */ = {
			isa = PBXGroup;
			children = (
				D50BE00027D28545006FCFF4 /* SceneDelegate.swift */,
				D50BE00A27D2854A006FCFF4 /* Assets.xcassets */,
				D50BDFFE27D28545006FCFF4 /* AppDelegate.swift */,
			);
			path = SupportingFiles;
			sourceTree = "<group>";
		};
		D50BE06E27D31008006FCFF4 /* Model */ = {
			isa = PBXGroup;
			children = (
				D50BE06F27D3102C006FCFF4 /* EmployeeModel.swift */,
				D50BE07127D3105B006FCFF4 /* DepartmentModel.swift */,
			);
			path = Model;
			sourceTree = "<group>";
		};
		D50BE07327D31C66006FCFF4 /* MVC */ = {
			isa = PBXGroup;
			children = (
				D50BE06E27D31008006FCFF4 /* Model */,
				D50BE07427D31C84006FCFF4 /* View */,
				D50BE04E27D28AAF006FCFF4 /* Controller */,
			);
			path = MVC;
			sourceTree = "<group>";
		};
		D50BE07427D31C84006FCFF4 /* View */ = {
			isa = PBXGroup;
			children = (
				D50BE05227D28AFE006FCFF4 /* Cell */,
			);
			path = View;
			sourceTree = "<group>";
		};
/* End PBXGroup section */

/* Begin PBXNativeTarget section */
		D50BDFFA27D28545006FCFF4 /* CoreDataTask */ = {
			isa = PBXNativeTarget;
			buildConfigurationList = D50BE02827D2854B006FCFF4 /* Build configuration list for PBXNativeTarget "CoreDataTask" */;
			buildPhases = (
				D50BDFF727D28545006FCFF4 /* Sources */,
				D50BDFF827D28545006FCFF4 /* Frameworks */,
				D50BDFF927D28545006FCFF4 /* Resources */,
			);
			buildRules = (
			);
			dependencies = (
			);
			name = CoreDataTask;
			productName = CoreDataTask;
			productReference = D50BDFFB27D28545006FCFF4 /* CoreDataTask.app */;
			productType = "com.apple.product-type.application";
		};
		D50BE01327D2854B006FCFF4 /* CoreDataTaskTests */ = {
			isa = PBXNativeTarget;
			buildConfigurationList = D50BE02B27D2854B006FCFF4 /* Build configuration list for PBXNativeTarget "CoreDataTaskTests" */;
			buildPhases = (
				D50BE01027D2854B006FCFF4 /* Sources */,
				D50BE01127D2854B006FCFF4 /* Frameworks */,
				D50BE01227D2854B006FCFF4 /* Resources */,
			);
			buildRules = (
			);
			dependencies = (
				D50BE01627D2854B006FCFF4 /* PBXTargetDependency */,
			);
			name = CoreDataTaskTests;
			productName = CoreDataTaskTests;
			productReference = D50BE01427D2854B006FCFF4 /* CoreDataTaskTests.xctest */;
			productType = "com.apple.product-type.bundle.unit-test";
		};
		D50BE01D27D2854B006FCFF4 /* CoreDataTaskUITests */ = {
			isa = PBXNativeTarget;
			buildConfigurationList = D50BE02E27D2854B006FCFF4 /* Build configuration list for PBXNativeTarget "CoreDataTaskUITests" */;
			buildPhases = (
				D50BE01A27D2854B006FCFF4 /* Sources */,
				D50BE01B27D2854B006FCFF4 /* Frameworks */,
				D50BE01C27D2854B006FCFF4 /* Resources */,
			);
			buildRules = (
			);
			dependencies = (
				D50BE02027D2854B006FCFF4 /* PBXTargetDependency */,
			);
			name = CoreDataTaskUITests;
			productName = CoreDataTaskUITests;
			productReference = D50BE01E27D2854B006FCFF4 /* CoreDataTaskUITests.xctest */;
			productType = "com.apple.product-type.bundle.ui-testing";
		};
/* End PBXNativeTarget section */

/* Begin PBXProject section */
		D50BDFF327D28545006FCFF4 /* Project object */ = {
			isa = PBXProject;
			attributes = {
				BuildIndependentTargetsInParallel = 1;
				LastSwiftUpdateCheck = 1320;
				LastUpgradeCheck = 1320;
				TargetAttributes = {
					D50BDFFA27D28545006FCFF4 = {
						CreatedOnToolsVersion = 13.2.1;
					};
					D50BE01327D2854B006FCFF4 = {
						CreatedOnToolsVersion = 13.2.1;
						TestTargetID = D50BDFFA27D28545006FCFF4;
					};
					D50BE01D27D2854B006FCFF4 = {
						CreatedOnToolsVersion = 13.2.1;
						TestTargetID = D50BDFFA27D28545006FCFF4;
					};
				};
			};
			buildConfigurationList = D50BDFF627D28545006FCFF4 /* Build configuration list for PBXProject "CoreDataTask" */;
			compatibilityVersion = "Xcode 13.0";
			developmentRegion = en;
			hasScannedForEncodings = 0;
			knownRegions = (
				en,
				Base,
			);
			mainGroup = D50BDFF227D28545006FCFF4;
			productRefGroup = D50BDFFC27D28545006FCFF4 /* Products */;
			projectDirPath = "";
			projectRoot = "";
			targets = (
				D50BDFFA27D28545006FCFF4 /* CoreDataTask */,
				D50BE01327D2854B006FCFF4 /* CoreDataTaskTests */,
				D50BE01D27D2854B006FCFF4 /* CoreDataTaskUITests */,
			);
		};
/* End PBXProject section */

/* Begin PBXResourcesBuildPhase section */
		D50BDFF927D28545006FCFF4 /* Resources */ = {
			isa = PBXResourcesBuildPhase;
			buildActionMask = 2147483647;
			files = (
				D50BE06B27D293C1006FCFF4 /* Employee.storyboard in Resources */,
				D50BE06D27D293C1006FCFF4 /* Department.storyboard in Resources */,
				D50BE00E27D2854A006FCFF4 /* LaunchScreen.storyboard in Resources */,
				D50BE00B27D2854A006FCFF4 /* Assets.xcassets in Resources */,
			);
			runOnlyForDeploymentPostprocessing = 0;
		};
		D50BE01227D2854B006FCFF4 /* Resources */ = {
			isa = PBXResourcesBuildPhase;
			buildActionMask = 2147483647;
			files = (
			);
			runOnlyForDeploymentPostprocessing = 0;
		};
		D50BE01C27D2854B006FCFF4 /* Resources */ = {
			isa = PBXResourcesBuildPhase;
			buildActionMask = 2147483647;
			files = (
			);
			runOnlyForDeploymentPostprocessing = 0;
		};
/* End PBXResourcesBuildPhase section */

/* Begin PBXSourcesBuildPhase section */
		D50BDFF727D28545006FCFF4 /* Sources */ = {
			isa = PBXSourcesBuildPhase;
			buildActionMask = 2147483647;
			files = (
				D50BE04D27D28A68006FCFF4 /* Databasehelper.swift in Sources */,
				D50BE06027D28C38006FCFF4 /* EmployeeFormViewController.swift in Sources */,
				D50BE07027D3102C006FCFF4 /* EmployeeModel.swift in Sources */,
				D50BE05E27D28C1E006FCFF4 /* EmployeeListViewController.swift in Sources */,
				D50BE03E27D2890B006FCFF4 /* Employee+CoreDataProperties.swift in Sources */,
				D50BE04927D289EF006FCFF4 /* Alert+Extension.swift in Sources */,
				D50BE05A27D28BBF006FCFF4 /* DepartmentFormViewController.swift in Sources */,
				D50BE05C27D28BF2006FCFF4 /* DepartmentDetailViewController.swift in Sources */,
				D50BE04427D28992006FCFF4 /* Constant.swift in Sources */,
				D50BE05827D28B9F006FCFF4 /* DepartmentListViewController.swift in Sources */,
				D50BDFFF27D28545006FCFF4 /* AppDelegate.swift in Sources */,
				D50BE05427D28B47006FCFF4 /* EmployeeCell.swift in Sources */,
				D50BE00127D28545006FCFF4 /* SceneDelegate.swift in Sources */,
				D50BE03D27D2890B006FCFF4 /* Employee+CoreDataClass.swift in Sources */,
				D50BE04027D2890B006FCFF4 /* Department+CoreDataProperties.swift in Sources */,
				D50BE00927D28545006FCFF4 /* CoreDataTask.xcdatamodeld in Sources */,
				D50BE07227D3105B006FCFF4 /* DepartmentModel.swift in Sources */,
				D50BE04727D289D1006FCFF4 /* Storyboard+Extension.swift in Sources */,
				D50BE03F27D2890B006FCFF4 /* Department+CoreDataClass.swift in Sources */,
				D50BE05627D28B5A006FCFF4 /* DepartmentCell.swift in Sources */,
			);
			runOnlyForDeploymentPostprocessing = 0;
		};
		D50BE01027D2854B006FCFF4 /* Sources */ = {
			isa = PBXSourcesBuildPhase;
			buildActionMask = 2147483647;
			files = (
				D50BE01927D2854B006FCFF4 /* CoreDataTaskTests.swift in Sources */,
			);
			runOnlyForDeploymentPostprocessing = 0;
		};
		D50BE01A27D2854B006FCFF4 /* Sources */ = {
			isa = PBXSourcesBuildPhase;
			buildActionMask = 2147483647;
			files = (
				D50BE02527D2854B006FCFF4 /* CoreDataTaskUITestsLaunchTests.swift in Sources */,
				D50BE02327D2854B006FCFF4 /* CoreDataTaskUITests.swift in Sources */,
			);
			runOnlyForDeploymentPostprocessing = 0;
		};
/* End PBXSourcesBuildPhase section */

/* Begin PBXTargetDependency section */
		D50BE01627D2854B006FCFF4 /* PBXTargetDependency */ = {
			isa = PBXTargetDependency;
			target = D50BDFFA27D28545006FCFF4 /* CoreDataTask */;
			targetProxy = D50BE01527D2854B006FCFF4 /* PBXContainerItemProxy */;
		};
		D50BE02027D2854B006FCFF4 /* PBXTargetDependency */ = {
			isa = PBXTargetDependency;
			target = D50BDFFA27D28545006FCFF4 /* CoreDataTask */;
			targetProxy = D50BE01F27D2854B006FCFF4 /* PBXContainerItemProxy */;
		};
/* End PBXTargetDependency section */

/* Begin PBXVariantGroup section */
		D50BE00C27D2854A006FCFF4 /* LaunchScreen.storyboard */ = {
			isa = PBXVariantGroup;
			children = (
				D50BE00D27D2854A006FCFF4 /* Base */,
			);
			name = LaunchScreen.storyboard;
			sourceTree = "<group>";
		};
/* End PBXVariantGroup section */

/* Begin XCBuildConfiguration section */
		D50BE02627D2854B006FCFF4 /* Debug */ = {
			isa = XCBuildConfiguration;
			buildSettings = {
				ALWAYS_SEARCH_USER_PATHS = NO;
				CLANG_ANALYZER_NONNULL = YES;
				CLANG_ANALYZER_NUMBER_OBJECT_CONVERSION = YES_AGGRESSIVE;
				CLANG_CXX_LANGUAGE_STANDARD = "gnu++17";
				CLANG_CXX_LIBRARY = "libc++";
				CLANG_ENABLE_MODULES = YES;
				CLANG_ENABLE_OBJC_ARC = YES;
				CLANG_ENABLE_OBJC_WEAK = YES;
				CLANG_WARN_BLOCK_CAPTURE_AUTORELEASING = YES;
				CLANG_WARN_BOOL_CONVERSION = YES;
				CLANG_WARN_COMMA = YES;
				CLANG_WARN_CONSTANT_CONVERSION = YES;
				CLANG_WARN_DEPRECATED_OBJC_IMPLEMENTATIONS = YES;
				CLANG_WARN_DIRECT_OBJC_ISA_USAGE = YES_ERROR;
				CLANG_WARN_DOCUMENTATION_COMMENTS = YES;
				CLANG_WARN_EMPTY_BODY = YES;
				CLANG_WARN_ENUM_CONVERSION = YES;
				CLANG_WARN_INFINITE_RECURSION = YES;
				CLANG_WARN_INT_CONVERSION = YES;
				CLANG_WARN_NON_LITERAL_NULL_CONVERSION = YES;
				CLANG_WARN_OBJC_IMPLICIT_RETAIN_SELF = YES;
				CLANG_WARN_OBJC_LITERAL_CONVERSION = YES;
				CLANG_WARN_OBJC_ROOT_CLASS = YES_ERROR;
				CLANG_WARN_QUOTED_INCLUDE_IN_FRAMEWORK_HEADER = YES;
				CLANG_WARN_RANGE_LOOP_ANALYSIS = YES;
				CLANG_WARN_STRICT_PROTOTYPES = YES;
				CLANG_WARN_SUSPICIOUS_MOVE = YES;
				CLANG_WARN_UNGUARDED_AVAILABILITY = YES_AGGRESSIVE;
				CLANG_WARN_UNREACHABLE_CODE = YES;
				CLANG_WARN__DUPLICATE_METHOD_MATCH = YES;
				COPY_PHASE_STRIP = NO;
				DEBUG_INFORMATION_FORMAT = dwarf;
				ENABLE_STRICT_OBJC_MSGSEND = YES;
				ENABLE_TESTABILITY = YES;
				GCC_C_LANGUAGE_STANDARD = gnu11;
				GCC_DYNAMIC_NO_PIC = NO;
				GCC_NO_COMMON_BLOCKS = YES;
				GCC_OPTIMIZATION_LEVEL = 0;
				GCC_PREPROCESSOR_DEFINITIONS = (
					"DEBUG=1",
					"$(inherited)",
				);
				GCC_WARN_64_TO_32_BIT_CONVERSION = YES;
				GCC_WARN_ABOUT_RETURN_TYPE = YES_ERROR;
				GCC_WARN_UNDECLARED_SELECTOR = YES;
				GCC_WARN_UNINITIALIZED_AUTOS = YES_AGGRESSIVE;
				GCC_WARN_UNUSED_FUNCTION = YES;
				GCC_WARN_UNUSED_VARIABLE = YES;
				IPHONEOS_DEPLOYMENT_TARGET = 14.0;
				MTL_ENABLE_DEBUG_INFO = INCLUDE_SOURCE;
				MTL_FAST_MATH = YES;
				ONLY_ACTIVE_ARCH = YES;
				SDKROOT = iphoneos;
				SWIFT_ACTIVE_COMPILATION_CONDITIONS = DEBUG;
				SWIFT_OPTIMIZATION_LEVEL = "-Onone";
			};
			name = Debug;
		};
		D50BE02727D2854B006FCFF4 /* Release */ = {
			isa = XCBuildConfiguration;
			buildSettings = {
				ALWAYS_SEARCH_USER_PATHS = NO;
				CLANG_ANALYZER_NONNULL = YES;
				CLANG_ANALYZER_NUMBER_OBJECT_CONVERSION = YES_AGGRESSIVE;
				CLANG_CXX_LANGUAGE_STANDARD = "gnu++17";
				CLANG_CXX_LIBRARY = "libc++";
				CLANG_ENABLE_MODULES = YES;
				CLANG_ENABLE_OBJC_ARC = YES;
				CLANG_ENABLE_OBJC_WEAK = YES;
				CLANG_WARN_BLOCK_CAPTURE_AUTORELEASING = YES;
				CLANG_WARN_BOOL_CONVERSION = YES;
				CLANG_WARN_COMMA = YES;
				CLANG_WARN_CONSTANT_CONVERSION = YES;
				CLANG_WARN_DEPRECATED_OBJC_IMPLEMENTATIONS = YES;
				CLANG_WARN_DIRECT_OBJC_ISA_USAGE = YES_ERROR;
				CLANG_WARN_DOCUMENTATION_COMMENTS = YES;
				CLANG_WARN_EMPTY_BODY = YES;
				CLANG_WARN_ENUM_CONVERSION = YES;
				CLANG_WARN_INFINITE_RECURSION = YES;
				CLANG_WARN_INT_CONVERSION = YES;
				CLANG_WARN_NON_LITERAL_NULL_CONVERSION = YES;
				CLANG_WARN_OBJC_IMPLICIT_RETAIN_SELF = YES;
				CLANG_WARN_OBJC_LITERAL_CONVERSION = YES;
				CLANG_WARN_OBJC_ROOT_CLASS = YES_ERROR;
				CLANG_WARN_QUOTED_INCLUDE_IN_FRAMEWORK_HEADER = YES;
				CLANG_WARN_RANGE_LOOP_ANALYSIS = YES;
				CLANG_WARN_STRICT_PROTOTYPES = YES;
				CLANG_WARN_SUSPICIOUS_MOVE = YES;
				CLANG_WARN_UNGUARDED_AVAILABILITY = YES_AGGRESSIVE;
				CLANG_WARN_UNREACHABLE_CODE = YES;
				CLANG_WARN__DUPLICATE_METHOD_MATCH = YES;
				COPY_PHASE_STRIP = NO;
				DEBUG_INFORMATION_FORMAT = "dwarf-with-dsym";
				ENABLE_NS_ASSERTIONS = NO;
				ENABLE_STRICT_OBJC_MSGSEND = YES;
				GCC_C_LANGUAGE_STANDARD = gnu11;
				GCC_NO_COMMON_BLOCKS = YES;
				GCC_WARN_64_TO_32_BIT_CONVERSION = YES;
				GCC_WARN_ABOUT_RETURN_TYPE = YES_ERROR;
				GCC_WARN_UNDECLARED_SELECTOR = YES;
				GCC_WARN_UNINITIALIZED_AUTOS = YES_AGGRESSIVE;
				GCC_WARN_UNUSED_FUNCTION = YES;
				GCC_WARN_UNUSED_VARIABLE = YES;
				IPHONEOS_DEPLOYMENT_TARGET = 14.0;
				MTL_ENABLE_DEBUG_INFO = NO;
				MTL_FAST_MATH = YES;
				SDKROOT = iphoneos;
				SWIFT_COMPILATION_MODE = wholemodule;
				SWIFT_OPTIMIZATION_LEVEL = "-O";
				VALIDATE_PRODUCT = YES;
			};
			name = Release;
		};
		D50BE02927D2854B006FCFF4 /* Debug */ = {
			isa = XCBuildConfiguration;
			buildSettings = {
				ASSETCATALOG_COMPILER_APPICON_NAME = AppIcon;
				ASSETCATALOG_COMPILER_GLOBAL_ACCENT_COLOR_NAME = AccentColor;
				CODE_SIGN_STYLE = Automatic;
				CURRENT_PROJECT_VERSION = 1;
				DEVELOPMENT_TEAM = 7LL446NRPM;
				GENERATE_INFOPLIST_FILE = YES;
				INFOPLIST_FILE = CoreDataTask/Info.plist;
				INFOPLIST_KEY_UIApplicationSupportsIndirectInputEvents = YES;
				INFOPLIST_KEY_UILaunchStoryboardName = LaunchScreen;
				INFOPLIST_KEY_UIMainStoryboardFile = Department;
				INFOPLIST_KEY_UISupportedInterfaceOrientations_iPad = "UIInterfaceOrientationPortrait UIInterfaceOrientationPortraitUpsideDown UIInterfaceOrientationLandscapeLeft UIInterfaceOrientationLandscapeRight";
				INFOPLIST_KEY_UISupportedInterfaceOrientations_iPhone = "UIInterfaceOrientationPortrait UIInterfaceOrientationLandscapeLeft UIInterfaceOrientationLandscapeRight";
				LD_RUNPATH_SEARCH_PATHS = (
					"$(inherited)",
					"@executable_path/Frameworks",
				);
				MARKETING_VERSION = 1.0;
				PRODUCT_BUNDLE_IDENTIFIER = Sudama.CoreDataTask;
				PRODUCT_NAME = "$(TARGET_NAME)";
				SWIFT_EMIT_LOC_STRINGS = YES;
				SWIFT_VERSION = 5.0;
				TARGETED_DEVICE_FAMILY = "1,2";
			};
			name = Debug;
		};
		D50BE02A27D2854B006FCFF4 /* Release */ = {
			isa = XCBuildConfiguration;
			buildSettings = {
				ASSETCATALOG_COMPILER_APPICON_NAME = AppIcon;
				ASSETCATALOG_COMPILER_GLOBAL_ACCENT_COLOR_NAME = AccentColor;
				CODE_SIGN_STYLE = Automatic;
				CURRENT_PROJECT_VERSION = 1;
				DEVELOPMENT_TEAM = 7LL446NRPM;
				GENERATE_INFOPLIST_FILE = YES;
				INFOPLIST_FILE = CoreDataTask/Info.plist;
				INFOPLIST_KEY_UIApplicationSupportsIndirectInputEvents = YES;
				INFOPLIST_KEY_UILaunchStoryboardName = LaunchScreen;
				INFOPLIST_KEY_UIMainStoryboardFile = Department;
				INFOPLIST_KEY_UISupportedInterfaceOrientations_iPad = "UIInterfaceOrientationPortrait UIInterfaceOrientationPortraitUpsideDown UIInterfaceOrientationLandscapeLeft UIInterfaceOrientationLandscapeRight";
				INFOPLIST_KEY_UISupportedInterfaceOrientations_iPhone = "UIInterfaceOrientationPortrait UIInterfaceOrientationLandscapeLeft UIInterfaceOrientationLandscapeRight";
				LD_RUNPATH_SEARCH_PATHS = (
					"$(inherited)",
					"@executable_path/Frameworks",
				);
				MARKETING_VERSION = 1.0;
				PRODUCT_BUNDLE_IDENTIFIER = Sudama.CoreDataTask;
				PRODUCT_NAME = "$(TARGET_NAME)";
				SWIFT_EMIT_LOC_STRINGS = YES;
				SWIFT_VERSION = 5.0;
				TARGETED_DEVICE_FAMILY = "1,2";
			};
			name = Release;
		};
		D50BE02C27D2854B006FCFF4 /* Debug */ = {
			isa = XCBuildConfiguration;
			buildSettings = {
				ALWAYS_EMBED_SWIFT_STANDARD_LIBRARIES = YES;
				BUNDLE_LOADER = "$(TEST_HOST)";
				CODE_SIGN_STYLE = Automatic;
				CURRENT_PROJECT_VERSION = 1;
				DEVELOPMENT_TEAM = 7LL446NRPM;
				GENERATE_INFOPLIST_FILE = YES;
				IPHONEOS_DEPLOYMENT_TARGET = 15.2;
				MARKETING_VERSION = 1.0;
				PRODUCT_BUNDLE_IDENTIFIER = Sudama.CoreDataTaskTests;
				PRODUCT_NAME = "$(TARGET_NAME)";
				SWIFT_EMIT_LOC_STRINGS = NO;
				SWIFT_VERSION = 5.0;
				TARGETED_DEVICE_FAMILY = "1,2";
				TEST_HOST = "$(BUILT_PRODUCTS_DIR)/CoreDataTask.app/CoreDataTask";
			};
			name = Debug;
		};
		D50BE02D27D2854B006FCFF4 /* Release */ = {
			isa = XCBuildConfiguration;
			buildSettings = {
				ALWAYS_EMBED_SWIFT_STANDARD_LIBRARIES = YES;
				BUNDLE_LOADER = "$(TEST_HOST)";
				CODE_SIGN_STYLE = Automatic;
				CURRENT_PROJECT_VERSION = 1;
				DEVELOPMENT_TEAM = 7LL446NRPM;
				GENERATE_INFOPLIST_FILE = YES;
				IPHONEOS_DEPLOYMENT_TARGET = 15.2;
				MARKETING_VERSION = 1.0;
				PRODUCT_BUNDLE_IDENTIFIER = Sudama.CoreDataTaskTests;
				PRODUCT_NAME = "$(TARGET_NAME)";
				SWIFT_EMIT_LOC_STRINGS = NO;
				SWIFT_VERSION = 5.0;
				TARGETED_DEVICE_FAMILY = "1,2";
				TEST_HOST = "$(BUILT_PRODUCTS_DIR)/CoreDataTask.app/CoreDataTask";
			};
			name = Release;
		};
		D50BE02F27D2854B006FCFF4 /* Debug */ = {
			isa = XCBuildConfiguration;
			buildSettings = {
				ALWAYS_EMBED_SWIFT_STANDARD_LIBRARIES = YES;
				CODE_SIGN_STYLE = Automatic;
				CURRENT_PROJECT_VERSION = 1;
				DEVELOPMENT_TEAM = 7LL446NRPM;
				GENERATE_INFOPLIST_FILE = YES;
				MARKETING_VERSION = 1.0;
				PRODUCT_BUNDLE_IDENTIFIER = Sudama.CoreDataTaskUITests;
				PRODUCT_NAME = "$(TARGET_NAME)";
				SWIFT_EMIT_LOC_STRINGS = NO;
				SWIFT_VERSION = 5.0;
				TARGETED_DEVICE_FAMILY = "1,2";
				TEST_TARGET_NAME = CoreDataTask;
			};
			name = Debug;
		};
		D50BE03027D2854B006FCFF4 /* Release */ = {
			isa = XCBuildConfiguration;
			buildSettings = {
				ALWAYS_EMBED_SWIFT_STANDARD_LIBRARIES = YES;
				CODE_SIGN_STYLE = Automatic;
				CURRENT_PROJECT_VERSION = 1;
				DEVELOPMENT_TEAM = 7LL446NRPM;
				GENERATE_INFOPLIST_FILE = YES;
				MARKETING_VERSION = 1.0;
				PRODUCT_BUNDLE_IDENTIFIER = Sudama.CoreDataTaskUITests;
				PRODUCT_NAME = "$(TARGET_NAME)";
				SWIFT_EMIT_LOC_STRINGS = NO;
				SWIFT_VERSION = 5.0;
				TARGETED_DEVICE_FAMILY = "1,2";
				TEST_TARGET_NAME = CoreDataTask;
			};
			name = Release;
		};
/* End XCBuildConfiguration section */

/* Begin XCConfigurationList section */
		D50BDFF627D28545006FCFF4 /* Build configuration list for PBXProject "CoreDataTask" */ = {
			isa = XCConfigurationList;
			buildConfigurations = (
				D50BE02627D2854B006FCFF4 /* Debug */,
				D50BE02727D2854B006FCFF4 /* Release */,
			);
			defaultConfigurationIsVisible = 0;
			defaultConfigurationName = Release;
		};
		D50BE02827D2854B006FCFF4 /* Build configuration list for PBXNativeTarget "CoreDataTask" */ = {
			isa = XCConfigurationList;
			buildConfigurations = (
				D50BE02927D2854B006FCFF4 /* Debug */,
				D50BE02A27D2854B006FCFF4 /* Release */,
			);
			defaultConfigurationIsVisible = 0;
			defaultConfigurationName = Release;
		};
		D50BE02B27D2854B006FCFF4 /* Build configuration list for PBXNativeTarget "CoreDataTaskTests" */ = {
			isa = XCConfigurationList;
			buildConfigurations = (
				D50BE02C27D2854B006FCFF4 /* Debug */,
				D50BE02D27D2854B006FCFF4 /* Release */,
			);
			defaultConfigurationIsVisible = 0;
			defaultConfigurationName = Release;
		};
		D50BE02E27D2854B006FCFF4 /* Build configuration list for PBXNativeTarget "CoreDataTaskUITests" */ = {
			isa = XCConfigurationList;
			buildConfigurations = (
				D50BE02F27D2854B006FCFF4 /* Debug */,
				D50BE03027D2854B006FCFF4 /* Release */,
			);
			defaultConfigurationIsVisible = 0;
			defaultConfigurationName = Release;
		};
/* End XCConfigurationList section */

/* Begin XCVersionGroup section */
		D50BE00727D28545006FCFF4 /* CoreDataTask.xcdatamodeld */ = {
			isa = XCVersionGroup;
			children = (
				D50BE00827D28545006FCFF4 /* CoreDataTask.xcdatamodel */,
			);
			currentVersion = D50BE00827D28545006FCFF4 /* CoreDataTask.xcdatamodel */;
			path = CoreDataTask.xcdatamodeld;
			sourceTree = "<group>";
			versionGroupType = wrapper.xcdatamodel;
		};
/* End XCVersionGroup section */
	};
	rootObject = D50BDFF327D28545006FCFF4 /* Project object */;
}
